
Microsoft Visual Studio Solution File, Format Version 12.00
# Visual Studio Version 17
VisualStudioVersion = 17.10.35122.118
MinimumVisualStudioVersion = 10.0.40219.1
Project("{FAE04EC0-301F-11D3-BF4B-00C04F79EFBC}") = "Alportech.Web.SGPAtestadoAutomation.Asp.Net.MVC", "Alportech.Web.SGPAtestadoAutomation.Asp.Net.MVC\Alportech.Web.SGPAtestadoAutomation.Asp.Net.MVC.csproj", "{2C1BFA85-98A5-4E07-9937-C9C75C9D9059}"
EndProject
Global
	GlobalSection(SolutionConfigurationPlatforms) = preSolution
		Debug|Any CPU = Debug|Any CPU
		Release|Any CPU = Release|Any CPU
	EndGlobalSection
	GlobalSection(ProjectConfigurationPlatforms) = postSolution
		{2C1BFA85-98A5-4E07-9937-C9C75C9D9059}.Debug|Any CPU.ActiveCfg = Debug|Any CPU
		{2C1BFA85-98A5-4E07-9937-C9C75C9D9059}.Debug|Any CPU.Build.0 = Debug|Any CPU
		{2C1BFA85-98A5-4E07-9937-C9C75C9D9059}.Release|Any CPU.ActiveCfg = Release|Any CPU
		{2C1BFA85-98A5-4E07-9937-C9C75C9D9059}.Release|Any CPU.Build.0 = Release|Any CPU
	EndGlobalSection
	GlobalSection(SolutionProperties) = preSolution
		HideSolutionNode = FALSE
	EndGlobalSection
	GlobalSection(ExtensibilityGlobals) = postSolution
		SolutionGuid = {BBBBC539-F119-4026-AE88-562B1E4EEC7B}
	EndGlobalSection
EndGlobal
